
Microsoft Visual Studio Solution File, Format Version 12.00
# Visual Studio Version 16
VisualStudioVersion = 16.0.30503.244
MinimumVisualStudioVersion = 10.0.40219.1
Project("{FAE04EC0-301F-11D3-BF4B-00C04F79EFBC}") = "TestCaseResult", "TestCaseResult.csproj", "{EB2EC0D5-8DD7-4F30-86CA-4D69018D0DCB}"
EndProject
Global
	GlobalSection(SolutionConfigurationPlatforms) = preSolution
		Debug|Any CPU = Debug|Any CPU
		Release|Any CPU = Release|Any CPU
	EndGlobalSection
	GlobalSection(ProjectConfigurationPlatforms) = postSolution
		{EB2EC0D5-8DD7-4F30-86CA-4D69018D0DCB}.Debug|Any CPU.ActiveCfg = Debug|Any CPU
		{EB2EC0D5-8DD7-4F30-86CA-4D69018D0DCB}.Debug|Any CPU.Build.0 = Debug|Any CPU
		{EB2EC0D5-8DD7-4F30-86CA-4D69018D0DCB}.Release|Any CPU.ActiveCfg = Release|Any CPU
		{EB2EC0D5-8DD7-4F30-86CA-4D69018D0DCB}.Release|Any CPU.Build.0 = Release|Any CPU
	EndGlobalSection
	GlobalSection(SolutionProperties) = preSolution
		HideSolutionNode = FALSE
	EndGlobalSection
	GlobalSection(ExtensibilityGlobals) = postSolution
		SolutionGuid = {DEB5CE7F-F2F8-4A83-9C7D-BE2BC651C25A}
	EndGlobalSection
EndGlobal
