
Microsoft Visual Studio Solution File, Format Version 12.00
# Visual Studio Version 16
VisualStudioVersion = 16.0.30503.244
MinimumVisualStudioVersion = 10.0.40219.1
Project("{FAE04EC0-301F-11D3-BF4B-00C04F79EFBC}") = "text parser 0.2", "text parser 0.2.csproj", "{1DE27D51-7CBC-4EDA-BC2D-EF7B4FFA0900}"
EndProject
Global
	GlobalSection(SolutionConfigurationPlatforms) = preSolution
		Debug|Any CPU = Debug|Any CPU
		Release|Any CPU = Release|Any CPU
	EndGlobalSection
	GlobalSection(ProjectConfigurationPlatforms) = postSolution
		{1DE27D51-7CBC-4EDA-BC2D-EF7B4FFA0900}.Debug|Any CPU.ActiveCfg = Debug|Any CPU
		{1DE27D51-7CBC-4EDA-BC2D-EF7B4FFA0900}.Debug|Any CPU.Build.0 = Debug|Any CPU
		{1DE27D51-7CBC-4EDA-BC2D-EF7B4FFA0900}.Release|Any CPU.ActiveCfg = Release|Any CPU
		{1DE27D51-7CBC-4EDA-BC2D-EF7B4FFA0900}.Release|Any CPU.Build.0 = Release|Any CPU
	EndGlobalSection
	GlobalSection(SolutionProperties) = preSolution
		HideSolutionNode = FALSE
	EndGlobalSection
	GlobalSection(ExtensibilityGlobals) = postSolution
		SolutionGuid = {D5297792-2A91-4C0F-A36D-A19FDD229836}
	EndGlobalSection
EndGlobal
