
Microsoft Visual Studio Solution File, Format Version 12.00
# Visual Studio Version 16
VisualStudioVersion = 16.0.30503.244
MinimumVisualStudioVersion = 10.0.40219.1
Project("{FAE04EC0-301F-11D3-BF4B-00C04F79EFBC}") = "MatrixMultiplication", "MatrixMultiplication.csproj", "{22979676-B328-44AB-8A78-C5C44E36920F}"
EndProject
Project("{FAE04EC0-301F-11D3-BF4B-00C04F79EFBC}") = "MatrixMultiplication.Tests", "..\MatrixMultiplication.Tests\MatrixMultiplication.Tests.csproj", "{04A49762-E45C-4E69-A3CC-7386B878BC02}"
	ProjectSection(ProjectDependencies) = postProject
		{22979676-B328-44AB-8A78-C5C44E36920F} = {22979676-B328-44AB-8A78-C5C44E36920F}
	EndProjectSection
EndProject
Global
	GlobalSection(SolutionConfigurationPlatforms) = preSolution
		Debug|Any CPU = Debug|Any CPU
		Release|Any CPU = Release|Any CPU
	EndGlobalSection
	GlobalSection(ProjectConfigurationPlatforms) = postSolution
		{22979676-B328-44AB-8A78-C5C44E36920F}.Debug|Any CPU.ActiveCfg = Debug|Any CPU
		{22979676-B328-44AB-8A78-C5C44E36920F}.Debug|Any CPU.Build.0 = Debug|Any CPU
		{22979676-B328-44AB-8A78-C5C44E36920F}.Release|Any CPU.ActiveCfg = Release|Any CPU
		{22979676-B328-44AB-8A78-C5C44E36920F}.Release|Any CPU.Build.0 = Release|Any CPU
		{04A49762-E45C-4E69-A3CC-7386B878BC02}.Debug|Any CPU.ActiveCfg = Debug|Any CPU
		{04A49762-E45C-4E69-A3CC-7386B878BC02}.Debug|Any CPU.Build.0 = Debug|Any CPU
		{04A49762-E45C-4E69-A3CC-7386B878BC02}.Release|Any CPU.ActiveCfg = Release|Any CPU
		{04A49762-E45C-4E69-A3CC-7386B878BC02}.Release|Any CPU.Build.0 = Release|Any CPU
	EndGlobalSection
	GlobalSection(SolutionProperties) = preSolution
		HideSolutionNode = FALSE
	EndGlobalSection
	GlobalSection(ExtensibilityGlobals) = postSolution
		SolutionGuid = {815FB2FC-6123-4402-AE0C-1C1D0EB6988B}
	EndGlobalSection
EndGlobal
