
Microsoft Visual Studio Solution File, Format Version 12.00
# Visual Studio Version 16
VisualStudioVersion = 16.0.30503.244
MinimumVisualStudioVersion = 10.0.40219.1
Project("{FAE04EC0-301F-11D3-BF4B-00C04F79EFBC}") = "text parser 0.1", "text parser 0.1.csproj", "{345D7763-78F0-4403-B7BA-9F52C73EBA92}"
EndProject
Global
	GlobalSection(SolutionConfigurationPlatforms) = preSolution
		Debug|Any CPU = Debug|Any CPU
		Release|Any CPU = Release|Any CPU
	EndGlobalSection
	GlobalSection(ProjectConfigurationPlatforms) = postSolution
		{345D7763-78F0-4403-B7BA-9F52C73EBA92}.Debug|Any CPU.ActiveCfg = Debug|Any CPU
		{345D7763-78F0-4403-B7BA-9F52C73EBA92}.Debug|Any CPU.Build.0 = Debug|Any CPU
		{345D7763-78F0-4403-B7BA-9F52C73EBA92}.Release|Any CPU.ActiveCfg = Release|Any CPU
		{345D7763-78F0-4403-B7BA-9F52C73EBA92}.Release|Any CPU.Build.0 = Release|Any CPU
	EndGlobalSection
	GlobalSection(SolutionProperties) = preSolution
		HideSolutionNode = FALSE
	EndGlobalSection
	GlobalSection(ExtensibilityGlobals) = postSolution
		SolutionGuid = {452F1AB9-F33E-4079-9C43-6153DABF38B1}
	EndGlobalSection
EndGlobal
